
Microsoft Visual Studio Solution File, Format Version 12.00
# Visual Studio Version 17
VisualStudioVersion = 17.0.32112.339
MinimumVisualStudioVersion = 10.0.40219.1
Project("{888888A0-9F3D-457C-B088-3A5042F75D52}") = "Python-unit-tests", "Python-unit-tests.pyproj", "{4C89701D-2DE0-4C3B-AAB2-CCE3CC664674}"
EndProject
Global
	GlobalSection(SolutionConfigurationPlatforms) = preSolution
		Debug|Any CPU = Debug|Any CPU
		Release|Any CPU = Release|Any CPU
	EndGlobalSection
	GlobalSection(ProjectConfigurationPlatforms) = postSolution
		{4C89701D-2DE0-4C3B-AAB2-CCE3CC664674}.Debug|Any CPU.ActiveCfg = Debug|Any CPU
		{4C89701D-2DE0-4C3B-AAB2-CCE3CC664674}.Release|Any CPU.ActiveCfg = Release|Any CPU
	EndGlobalSection
	GlobalSection(SolutionProperties) = preSolution
		HideSolutionNode = FALSE
	EndGlobalSection
	GlobalSection(ExtensibilityGlobals) = postSolution
		SolutionGuid = {DC9C65A6-F47D-4818-A351-9A5C56B37E20}
	EndGlobalSection
EndGlobal
